Microsoft Visual Studio Solution File, Format Version 12.00
# Visual Studio Version 17
VisualStudioVersion = 17.5.2.0
MinimumVisualStudioVersion = 10.0.40219.1
Project("{FAE04EC0-301F-11D3-BF4B-00C04F79EFBC}") = "ders1", "ders1\ders1.csproj", "{57F0E494-4337-6FA0-6545-FEB2368BE81A}"
EndProject
Global
	GlobalSection(SolutionConfigurationPlatforms) = preSolution
		Debug|Any CPU = Debug|Any CPU
		Release|Any CPU = Release|Any CPU
	EndGlobalSection
	GlobalSection(ProjectConfigurationPlatforms) = postSolution
		{57F0E494-4337-6FA0-6545-FEB2368BE81A}.Debug|Any CPU.ActiveCfg = Debug|Any CPU
		{57F0E494-4337-6FA0-6545-FEB2368BE81A}.Debug|Any CPU.Build.0 = Debug|Any CPU
		{57F0E494-4337-6FA0-6545-FEB2368BE81A}.Release|Any CPU.ActiveCfg = Release|Any CPU
		{57F0E494-4337-6FA0-6545-FEB2368BE81A}.Release|Any CPU.Build.0 = Release|Any CPU
	EndGlobalSection
	GlobalSection(SolutionProperties) = preSolution
		HideSolutionNode = FALSE
	EndGlobalSection
	GlobalSection(ExtensibilityGlobals) = postSolution
		SolutionGuid = {E806A42E-A8F4-4745-B313-8F77693C91CC}
	EndGlobalSection
EndGlobal
