Microsoft Visual Studio Solution File, Format Version 12.00
# Visual Studio Version 17
VisualStudioVersion = 17.5.2.0
MinimumVisualStudioVersion = 10.0.40219.1
Project("{FAE04EC0-301F-11D3-BF4B-00C04F79EFBC}") = "MeetingApp", "MeetingApp\MeetingApp.csproj", "{7266BC15-529C-782F-8A09-0532182C1EE4}"
EndProject
Global
	GlobalSection(SolutionConfigurationPlatforms) = preSolution
		Debug|Any CPU = Debug|Any CPU
		Release|Any CPU = Release|Any CPU
	EndGlobalSection
	GlobalSection(ProjectConfigurationPlatforms) = postSolution
		{7266BC15-529C-782F-8A09-0532182C1EE4}.Debug|Any CPU.ActiveCfg = Debug|Any CPU
		{7266BC15-529C-782F-8A09-0532182C1EE4}.Debug|Any CPU.Build.0 = Debug|Any CPU
		{7266BC15-529C-782F-8A09-0532182C1EE4}.Release|Any CPU.ActiveCfg = Release|Any CPU
		{7266BC15-529C-782F-8A09-0532182C1EE4}.Release|Any CPU.Build.0 = Release|Any CPU
	EndGlobalSection
	GlobalSection(SolutionProperties) = preSolution
		HideSolutionNode = FALSE
	EndGlobalSection
	GlobalSection(ExtensibilityGlobals) = postSolution
		SolutionGuid = {3A7E86EC-7B71-47DC-8CB9-84A36E0D34F5}
	EndGlobalSection
EndGlobal
